// !$*UTF8*$!
{
	archiveVersion = 1;
	classes = {
	};
	objectVersion = 46;
	objects = {

/* Begin PBXBuildFile section */
		8B7789E31E3A297700C2FB58 /* AppDelegate.swift in Sources */ = {isa = PBXBuildFile; fileRef = 8B7789E21E3A297700C2FB58 /* AppDelegate.swift */; };
		8B7789E51E3A297700C2FB58 /* ViewController.swift in Sources */ = {isa = PBXBuildFile; fileRef = 8B7789E41E3A297700C2FB58 /* ViewController.swift */; };
		8B7789E81E3A297700C2FB58 /* Main.storyboard in Resources */ = {isa = PBXBuildFile; fileRef = 8B7789E61E3A297700C2FB58 /* Main.storyboard */; };
		8B7789EA1E3A297700C2FB58 /* Assets.xcassets in Resources */ = {isa = PBXBuildFile; fileRef = 8B7789E91E3A297700C2FB58 /* Assets.xcassets */; };
		8B7789ED1E3A297700C2FB58 /* LaunchScreen.storyboard in Resources */ = {isa = PBXBuildFile; fileRef = 8B7789EB1E3A297700C2FB58 /* LaunchScreen.storyboard */; };
		8B7789F61E3A2CB300C2FB58 /* LocalizationExtensions.swift in Sources */ = {isa = PBXBuildFile; fileRef = 8B7789F51E3A2CB300C2FB58 /* LocalizationExtensions.swift */; };
		8B7789FB1E3A2D8700C2FB58 /* localization_config.json in Resources */ = {isa = PBXBuildFile; fileRef = 8B7789F71E3A2D8700C2FB58 /* localization_config.json */; };
		8B7789FC1E3A2D8700C2FB58 /* localize.command in Resources */ = {isa = PBXBuildFile; fileRef = 8B7789F81E3A2D8700C2FB58 /* localize.command */; };
		8B7789FD1E3A2D8700C2FB58 /* localizeForce.command in Resources */ = {isa = PBXBuildFile; fileRef = 8B7789F91E3A2D8700C2FB58 /* localizeForce.command */; };
		8B778A031E3A2E2100C2FB58 /* Localizable.strings in Resources */ = {isa = PBXBuildFile; fileRef = 8B7789FF1E3A2E2100C2FB58 /* Localizable.strings */; };
		8B778A041E3A2E2100C2FB58 /* Localizable.stringsdict in Resources */ = {isa = PBXBuildFile; fileRef = 8B778A011E3A2E2100C2FB58 /* Localizable.stringsdict */; };
		8BBB580F1E6D5347004A3CE9 /* localizeExportNew.command in Resources */ = {isa = PBXBuildFile; fileRef = 8BBB580E1E6D5347004A3CE9 /* localizeExportNew.command */; };
		8BD645091E8E94560065EB4D /* Str.swift in Sources */ = {isa = PBXBuildFile; fileRef = 8BBB589F1E6ECEE8004A3CE9 /* Str.swift */; };
/* End PBXBuildFile section */

/* Begin PBXFileReference section */
		8B7789DF1E3A297700C2FB58 /* locloaser-example-ios.app */ = {isa = PBXFileReference; explicitFileType = wrapper.application; includeInIndex = 0; path = "locloaser-example-ios.app"; sourceTree = BUILT_PRODUCTS_DIR; };
		8B7789E21E3A297700C2FB58 /* AppDelegate.swift */ = {isa = PBXFileReference; lastKnownFileType = sourcecode.swift; path = AppDelegate.swift; sourceTree = "<group>"; };
		8B7789E41E3A297700C2FB58 /* ViewController.swift */ = {isa = PBXFileReference; lastKnownFileType = sourcecode.swift; path = ViewController.swift; sourceTree = "<group>"; };
		8B7789E71E3A297700C2FB58 /* Base */ = {isa = PBXFileReference; lastKnownFileType = file.storyboard; name = Base; path = Base.lproj/Main.storyboard; sourceTree = "<group>"; };
		8B7789E91E3A297700C2FB58 /* Assets.xcassets */ = {isa = PBXFileReference; lastKnownFileType = folder.assetcatalog; path = Assets.xcassets; sourceTree = "<group>"; };
		8B7789EC1E3A297700C2FB58 /* Base */ = {isa = PBXFileReference; lastKnownFileType = file.storyboard; name = Base; path = Base.lproj/LaunchScreen.storyboard; sourceTree = "<group>"; };
		8B7789EE1E3A297700C2FB58 /* Info.plist */ = {isa = PBXFileReference; lastKnownFileType = text.plist.xml; path = Info.plist; sourceTree = "<group>"; };
		8B7789F51E3A2CB300C2FB58 /* LocalizationExtensions.swift */ = {isa = PBXFileReference; fileEncoding = 4; lastKnownFileType = sourcecode.swift; path = LocalizationExtensions.swift; sourceTree = "<group>"; };
		8B7789F71E3A2D8700C2FB58 /* localization_config.json */ = {isa = PBXFileReference; fileEncoding = 4; lastKnownFileType = text.json; path = localization_config.json; sourceTree = "<group>"; };
		8B7789F81E3A2D8700C2FB58 /* localize.command */ = {isa = PBXFileReference; fileEncoding = 4; lastKnownFileType = text; path = localize.command; sourceTree = "<group>"; };
		8B7789F91E3A2D8700C2FB58 /* localizeForce.command */ = {isa = PBXFileReference; fileEncoding = 4; lastKnownFileType = text; path = localizeForce.command; sourceTree = "<group>"; };
		8B778A001E3A2E2100C2FB58 /* Base */ = {isa = PBXFileReference; lastKnownFileType = text.plist.strings; name = Base; path = Base.lproj/Localizable.strings; sourceTree = "<group>"; };
		8B778A021E3A2E2100C2FB58 /* Base */ = {isa = PBXFileReference; lastKnownFileType = text.plist.stringsdict; name = Base; path = Base.lproj/Localizable.stringsdict; sourceTree = "<group>"; };
		8B778A081E3A2EF200C2FB58 /* ru */ = {isa = PBXFileReference; lastKnownFileType = text.plist.strings; name = ru; path = ru.lproj/Localizable.strings; sourceTree = "<group>"; };
		8B778A091E3A2EF200C2FB58 /* ru */ = {isa = PBXFileReference; lastKnownFileType = text.plist.stringsdict; name = ru; path = ru.lproj/Localizable.stringsdict; sourceTree = "<group>"; };
		8BBB580E1E6D5347004A3CE9 /* localizeExportNew.command */ = {isa = PBXFileReference; fileEncoding = 4; lastKnownFileType = text; path = localizeExportNew.command; sourceTree = "<group>"; };
		8BBB589F1E6ECEE8004A3CE9 /* Str.swift */ = {isa = PBXFileReference; fileEncoding = 4; lastKnownFileType = sourcecode.swift; path = Str.swift; sourceTree = "<group>"; };
/* End PBXFileReference section */

/* Begin PBXFrameworksBuildPhase section */
		8B7789DC1E3A297700C2FB58 /* Frameworks */ = {
			isa = PBXFrameworksBuildPhase;
			buildActionMask = 2147483647;
			files = (
			);
			runOnlyForDeploymentPostprocessing = 0;
		};
/* End PBXFrameworksBuildPhase section */

/* Begin PBXGroup section */
		8B7789D61E3A297700C2FB58 = {
			isa = PBXGroup;
			children = (
				8B7789E11E3A297700C2FB58 /* locloaser-example-ios */,
				8B7789E01E3A297700C2FB58 /* Products */,
			);
			sourceTree = "<group>";
		};
		8B7789E01E3A297700C2FB58 /* Products */ = {
			isa = PBXGroup;
			children = (
				8B7789DF1E3A297700C2FB58 /* locloaser-example-ios.app */,
			);
			name = Products;
			sourceTree = "<group>";
		};
		8B7789E11E3A297700C2FB58 /* locloaser-example-ios */ = {
			isa = PBXGroup;
			children = (
				8B7789F41E3A298800C2FB58 /* Extensions */,
				8B7789E21E3A297700C2FB58 /* AppDelegate.swift */,
				8B7789E41E3A297700C2FB58 /* ViewController.swift */,
				8BBB589F1E6ECEE8004A3CE9 /* Str.swift */,
				8B7789E61E3A297700C2FB58 /* Main.storyboard */,
				8B7789E91E3A297700C2FB58 /* Assets.xcassets */,
				8B7789EB1E3A297700C2FB58 /* LaunchScreen.storyboard */,
				8B7789EE1E3A297700C2FB58 /* Info.plist */,
				8B7789FF1E3A2E2100C2FB58 /* Localizable.strings */,
				8B778A011E3A2E2100C2FB58 /* Localizable.stringsdict */,
				8B7789F71E3A2D8700C2FB58 /* localization_config.json */,
				8B7789F81E3A2D8700C2FB58 /* localize.command */,
				8B7789F91E3A2D8700C2FB58 /* localizeForce.command */,
				8BBB580E1E6D5347004A3CE9 /* localizeExportNew.command */,
			);
			path = "locloaser-example-ios";
			sourceTree = "<group>";
		};
		8B7789F41E3A298800C2FB58 /* Extensions */ = {
			isa = PBXGroup;
			children = (
				8B7789F51E3A2CB300C2FB58 /* LocalizationExtensions.swift */,
			);
			path = Extensions;
			sourceTree = "<group>";
		};
/* End PBXGroup section */

/* Begin PBXHeadersBuildPhase section */
		8BBB58C31E6EF1CE004A3CE9 /* Headers */ = {
			isa = PBXHeadersBuildPhase;
			buildActionMask = 2147483647;
			files = (
			);
			runOnlyForDeploymentPostprocessing = 0;
		};
/* End PBXHeadersBuildPhase section */

/* Begin PBXNativeTarget section */
		8B7789DE1E3A297700C2FB58 /* locloaser-example-ios */ = {
			isa = PBXNativeTarget;
			buildConfigurationList = 8B7789F11E3A297700C2FB58 /* Build configuration list for PBXNativeTarget "locloaser-example-ios" */;
			buildPhases = (
				8BBB580B1E69D0C6004A3CE9 /* ShellScript */,
				8B7789DB1E3A297700C2FB58 /* Sources */,
				8BBB58C31E6EF1CE004A3CE9 /* Headers */,
				8B7789DC1E3A297700C2FB58 /* Frameworks */,
				8B7789DD1E3A297700C2FB58 /* Resources */,
			);
			buildRules = (
			);
			dependencies = (
			);
			name = "locloaser-example-ios";
			productName = "locloaser-example-ios";
			productReference = 8B7789DF1E3A297700C2FB58 /* locloaser-example-ios.app */;
			productType = "com.apple.product-type.application";
		};
/* End PBXNativeTarget section */

/* Begin PBXProject section */
		8B7789D71E3A297700C2FB58 /* Project object */ = {
			isa = PBXProject;
			attributes = {
				LastSwiftUpdateCheck = 0800;
				LastUpgradeCheck = 0800;
				ORGANIZATIONNAME = PocketByte;
				TargetAttributes = {
					8B7789DE1E3A297700C2FB58 = {
						CreatedOnToolsVersion = 8.0;
						LastSwiftMigration = 0800;
						ProvisioningStyle = Automatic;
					};
				};
			};
			buildConfigurationList = 8B7789DA1E3A297700C2FB58 /* Build configuration list for PBXProject "locloaser-example-ios" */;
			compatibilityVersion = "Xcode 3.2";
			developmentRegion = English;
			hasScannedForEncodings = 0;
			knownRegions = (
				en,
				Base,
				ru,
			);
			mainGroup = 8B7789D61E3A297700C2FB58;
			productRefGroup = 8B7789E01E3A297700C2FB58 /* Products */;
			projectDirPath = "";
			projectRoot = "";
			targets = (
				8B7789DE1E3A297700C2FB58 /* locloaser-example-ios */,
			);
		};
/* End PBXProject section */

/* Begin PBXResourcesBuildPhase section */
		8B7789DD1E3A297700C2FB58 /* Resources */ = {
			isa = PBXResourcesBuildPhase;
			buildActionMask = 2147483647;
			files = (
				8B7789ED1E3A297700C2FB58 /* LaunchScreen.storyboard in Resources */,
				8B7789EA1E3A297700C2FB58 /* Assets.xcassets in Resources */,
				8B778A041E3A2E2100C2FB58 /* Localizable.stringsdict in Resources */,
				8B7789FB1E3A2D8700C2FB58 /* localization_config.json in Resources */,
				8B7789FC1E3A2D8700C2FB58 /* localize.command in Resources */,
				8B7789FD1E3A2D8700C2FB58 /* localizeForce.command in Resources */,
				8BBB580F1E6D5347004A3CE9 /* localizeExportNew.command in Resources */,
				8B778A031E3A2E2100C2FB58 /* Localizable.strings in Resources */,
				8B7789E81E3A297700C2FB58 /* Main.storyboard in Resources */,
			);
			runOnlyForDeploymentPostprocessing = 0;
		};
/* End PBXResourcesBuildPhase section */

/* Begin PBXShellScriptBuildPhase section */
		8BBB580B1E69D0C6004A3CE9 /* ShellScript */ = {
			isa = PBXShellScriptBuildPhase;
			buildActionMask = 2147483647;
			files = (
			);
			inputPaths = (
			);
			outputPaths = (
			);
			runOnlyForDeploymentPostprocessing = 0;
			shellPath = /bin/sh;
			shellScript = "./locloaser-example-ios/localize.command";
		};
/* End PBXShellScriptBuildPhase section */

/* Begin PBXSourcesBuildPhase section */
		8B7789DB1E3A297700C2FB58 /* Sources */ = {
			isa = PBXSourcesBuildPhase;
			buildActionMask = 2147483647;
			files = (
				8BD645091E8E94560065EB4D /* Str.swift in Sources */,
				8B7789E51E3A297700C2FB58 /* ViewController.swift in Sources */,
				8B7789F61E3A2CB300C2FB58 /* LocalizationExtensions.swift in Sources */,
				8B7789E31E3A297700C2FB58 /* AppDelegate.swift in Sources */,
			);
			runOnlyForDeploymentPostprocessing = 0;
		};
/* End PBXSourcesBuildPhase section */

/* Begin PBXVariantGroup section */
		8B7789E61E3A297700C2FB58 /* Main.storyboard */ = {
			isa = PBXVariantGroup;
			children = (
				8B7789E71E3A297700C2FB58 /* Base */,
			);
			name = Main.storyboard;
			sourceTree = "<group>";
		};
		8B7789EB1E3A297700C2FB58 /* LaunchScreen.storyboard */ = {
			isa = PBXVariantGroup;
			children = (
				8B7789EC1E3A297700C2FB58 /* Base */,
			);
			name = LaunchScreen.storyboard;
			sourceTree = "<group>";
		};
		8B7789FF1E3A2E2100C2FB58 /* Localizable.strings */ = {
			isa = PBXVariantGroup;
			children = (
				8B778A001E3A2E2100C2FB58 /* Base */,
				8B778A081E3A2EF200C2FB58 /* ru */,
			);
			name = Localizable.strings;
			sourceTree = "<group>";
		};
		8B778A011E3A2E2100C2FB58 /* Localizable.stringsdict */ = {
			isa = PBXVariantGroup;
			children = (
				8B778A021E3A2E2100C2FB58 /* Base */,
				8B778A091E3A2EF200C2FB58 /* ru */,
			);
			name = Localizable.stringsdict;
			sourceTree = "<group>";
		};
/* End PBXVariantGroup section */

/* Begin XCBuildConfiguration section */
		8B7789EF1E3A297700C2FB58 /* Debug */ = {
			isa = XCBuildConfiguration;
			buildSettings = {
				ALWAYS_SEARCH_USER_PATHS = NO;
				CLANG_ANALYZER_LOCALIZABILITY_NONLOCALIZED = YES;
				CLANG_ANALYZER_NONNULL = YES;
				CLANG_CXX_LANGUAGE_STANDARD = "gnu++0x";
				CLANG_CXX_LIBRARY = "libc++";
				CLANG_ENABLE_MODULES = YES;
				CLANG_ENABLE_OBJC_ARC = YES;
				CLANG_WARN_BOOL_CONVERSION = YES;
				CLANG_WARN_CONSTANT_CONVERSION = YES;
				CLANG_WARN_DIRECT_OBJC_ISA_USAGE = YES_ERROR;
				CLANG_WARN_DOCUMENTATION_COMMENTS = YES;
				CLANG_WARN_EMPTY_BODY = YES;
				CLANG_WARN_ENUM_CONVERSION = YES;
				CLANG_WARN_INFINITE_RECURSION = YES;
				CLANG_WARN_INT_CONVERSION = YES;
				CLANG_WARN_OBJC_ROOT_CLASS = YES_ERROR;
				CLANG_WARN_SUSPICIOUS_MOVES = YES;
				CLANG_WARN_UNREACHABLE_CODE = YES;
				CLANG_WARN__DUPLICATE_METHOD_MATCH = YES;
				"CODE_SIGN_IDENTITY[sdk=iphoneos*]" = "iPhone Developer";
				COPY_PHASE_STRIP = NO;
				DEBUG_INFORMATION_FORMAT = dwarf;
				ENABLE_STRICT_OBJC_MSGSEND = YES;
				ENABLE_TESTABILITY = YES;
				GCC_C_LANGUAGE_STANDARD = gnu99;
				GCC_DYNAMIC_NO_PIC = NO;
				GCC_NO_COMMON_BLOCKS = YES;
				GCC_OPTIMIZATION_LEVEL = 0;
				GCC_PREPROCESSOR_DEFINITIONS = (
					"DEBUG=1",
					"$(inherited)",
				);
				GCC_WARN_64_TO_32_BIT_CONVERSION = YES;
				GCC_WARN_ABOUT_RETURN_TYPE = YES_ERROR;
				GCC_WARN_UNDECLARED_SELECTOR = YES;
				GCC_WARN_UNINITIALIZED_AUTOS = YES_AGGRESSIVE;
				GCC_WARN_UNUSED_FUNCTION = YES;
				GCC_WARN_UNUSED_VARIABLE = YES;
				IPHONEOS_DEPLOYMENT_TARGET = 10.0;
				MTL_ENABLE_DEBUG_INFO = YES;
				ONLY_ACTIVE_ARCH = YES;
				SDKROOT = iphoneos;
				SWIFT_ACTIVE_COMPILATION_CONDITIONS = DEBUG;
				SWIFT_OPTIMIZATION_LEVEL = "-Onone";
			};
			name = Debug;
		};
		8B7789F01E3A297700C2FB58 /* Release */ = {
			isa = XCBuildConfiguration;
			buildSettings = {
				ALWAYS_SEARCH_USER_PATHS = NO;
				CLANG_ANALYZER_LOCALIZABILITY_NONLOCALIZED = YES;
				CLANG_ANALYZER_NONNULL = YES;
				CLANG_CXX_LANGUAGE_STANDARD = "gnu++0x";
				CLANG_CXX_LIBRARY = "libc++";
				CLANG_ENABLE_MODULES = YES;
				CLANG_ENABLE_OBJC_ARC = YES;
				CLANG_WARN_BOOL_CONVERSION = YES;
				CLANG_WARN_CONSTANT_CONVERSION = YES;
				CLANG_WARN_DIRECT_OBJC_ISA_USAGE = YES_ERROR;
				CLANG_WARN_DOCUMENTATION_COMMENTS = YES;
				CLANG_WARN_EMPTY_BODY = YES;
				CLANG_WARN_ENUM_CONVERSION = YES;
				CLANG_WARN_INFINITE_RECURSION = YES;
				CLANG_WARN_INT_CONVERSION = YES;
				CLANG_WARN_OBJC_ROOT_CLASS = YES_ERROR;
				CLANG_WARN_SUSPICIOUS_MOVES = YES;
				CLANG_WARN_UNREACHABLE_CODE = YES;
				CLANG_WARN__DUPLICATE_METHOD_MATCH = YES;
				"CODE_SIGN_IDENTITY[sdk=iphoneos*]" = "iPhone Developer";
				COPY_PHASE_STRIP = NO;
				DEBUG_INFORMATION_FORMAT = "dwarf-with-dsym";
				ENABLE_NS_ASSERTIONS = NO;
				ENABLE_STRICT_OBJC_MSGSEND = YES;
				GCC_C_LANGUAGE_STANDARD = gnu99;
				GCC_NO_COMMON_BLOCKS = YES;
				GCC_WARN_64_TO_32_BIT_CONVERSION = YES;
				GCC_WARN_ABOUT_RETURN_TYPE = YES_ERROR;
				GCC_WARN_UNDECLARED_SELECTOR = YES;
				GCC_WARN_UNINITIALIZED_AUTOS = YES_AGGRESSIVE;
				GCC_WARN_UNUSED_FUNCTION = YES;
				GCC_WARN_UNUSED_VARIABLE = YES;
				IPHONEOS_DEPLOYMENT_TARGET = 10.0;
				MTL_ENABLE_DEBUG_INFO = NO;
				SDKROOT = iphoneos;
				SWIFT_OPTIMIZATION_LEVEL = "-Owholemodule";
				VALIDATE_PRODUCT = YES;
			};
			name = Release;
		};
		8B7789F21E3A297700C2FB58 /* Debug */ = {
			isa = XCBuildConfiguration;
			buildSettings = {
				ASSETCATALOG_COMPILER_APPICON_NAME = AppIcon;
				CLANG_ENABLE_MODULES = YES;
				INFOPLIST_FILE = "locloaser-example-ios/Info.plist";
				LD_RUNPATH_SEARCH_PATHS = "$(inherited) @executable_path/Frameworks";
				PRODUCT_BUNDLE_IDENTIFIER = "ru.pocketbyte.locloaser-example-ios";
				PRODUCT_NAME = "$(TARGET_NAME)";
				SWIFT_OBJC_BRIDGING_HEADER = "";
				SWIFT_OPTIMIZATION_LEVEL = "-Onone";
				SWIFT_VERSION = 3.0;
			};
			name = Debug;
		};
		8B7789F31E3A297700C2FB58 /* Release */ = {
			isa = XCBuildConfiguration;
			buildSettings = {
				ASSETCATALOG_COMPILER_APPICON_NAME = AppIcon;
				CLANG_ENABLE_MODULES = YES;
				INFOPLIST_FILE = "locloaser-example-ios/Info.plist";
				LD_RUNPATH_SEARCH_PATHS = "$(inherited) @executable_path/Frameworks";
				PRODUCT_BUNDLE_IDENTIFIER = "ru.pocketbyte.locloaser-example-ios";
				PRODUCT_NAME = "$(TARGET_NAME)";
				SWIFT_OBJC_BRIDGING_HEADER = "";
				SWIFT_VERSION = 3.0;
			};
			name = Release;
		};
/* End XCBuildConfiguration section */

/* Begin XCConfigurationList section */
		8B7789DA1E3A297700C2FB58 /* Build configuration list for PBXProject "locloaser-example-ios" */ = {
			isa = XCConfigurationList;
			buildConfigurations = (
				8B7789EF1E3A297700C2FB58 /* Debug */,
				8B7789F01E3A297700C2FB58 /* Release */,
			);
			defaultConfigurationIsVisible = 0;
			defaultConfigurationName = Release;
		};
		8B7789F11E3A297700C2FB58 /* Build configuration list for PBXNativeTarget "locloaser-example-ios" */ = {
			isa = XCConfigurationList;
			buildConfigurations = (
				8B7789F21E3A297700C2FB58 /* Debug */,
				8B7789F31E3A297700C2FB58 /* Release */,
			);
			defaultConfigurationIsVisible = 0;
			defaultConfigurationName = Release;
		};
/* End XCConfigurationList section */
	};
	rootObject = 8B7789D71E3A297700C2FB58 /* Project object */;
}
